
Microsoft Visual Studio Solution File, Format Version 12.00
# Visual Studio Version 17
VisualStudioVersion = 17.5.2.0
MinimumVisualStudioVersion = 10.0.40219.1
Project("{FAE04EC0-301F-11D3-BF4B-00C04F79EFBC}") = "NttECS", "NttECS\NttECS.csproj", "{2B19552D-F8EB-410C-B257-6517B883C7D8}"
EndProject
Project("{FAE04EC0-301F-11D3-BF4B-00C04F79EFBC}") = "McpBridge", "McpBridge\McpBridge.csproj", "{8D4B0069-9745-4741-A46B-BE17BECD28C2}"
EndProject
Project("{2150E333-8FDC-42A3-9474-1A3956D46DE8}") = "Server", "Server", "{DAD03CFC-D5FA-AC94-41C7-9ABAB326F09E}"
EndProject
Project("{FAE04EC0-301F-11D3-BF4B-00C04F79EFBC}") = "MagnumOpus", "Server\MagnumOpus.csproj", "{D8262757-7557-4F65-AD7B-DECB1B321729}"
EndProject
Global
	GlobalSection(SolutionConfigurationPlatforms) = preSolution
		Debug|Any CPU = Debug|Any CPU
		Debug|x64 = Debug|x64
		Debug|x86 = Debug|x86
		Release|Any CPU = Release|Any CPU
		Release|x64 = Release|x64
		Release|x86 = Release|x86
	EndGlobalSection
	GlobalSection(ProjectConfigurationPlatforms) = postSolution
		{2B19552D-F8EB-410C-B257-6517B883C7D8}.Debug|Any CPU.ActiveCfg = Debug|Any CPU
		{2B19552D-F8EB-410C-B257-6517B883C7D8}.Debug|Any CPU.Build.0 = Debug|Any CPU
		{2B19552D-F8EB-410C-B257-6517B883C7D8}.Debug|x64.ActiveCfg = Debug|Any CPU
		{2B19552D-F8EB-410C-B257-6517B883C7D8}.Debug|x64.Build.0 = Debug|Any CPU
		{2B19552D-F8EB-410C-B257-6517B883C7D8}.Debug|x86.ActiveCfg = Debug|Any CPU
		{2B19552D-F8EB-410C-B257-6517B883C7D8}.Debug|x86.Build.0 = Debug|Any CPU
		{2B19552D-F8EB-410C-B257-6517B883C7D8}.Release|Any CPU.ActiveCfg = Release|Any CPU
		{2B19552D-F8EB-410C-B257-6517B883C7D8}.Release|Any CPU.Build.0 = Release|Any CPU
		{2B19552D-F8EB-410C-B257-6517B883C7D8}.Release|x64.ActiveCfg = Release|Any CPU
		{2B19552D-F8EB-410C-B257-6517B883C7D8}.Release|x64.Build.0 = Release|Any CPU
		{2B19552D-F8EB-410C-B257-6517B883C7D8}.Release|x86.ActiveCfg = Release|Any CPU
		{2B19552D-F8EB-410C-B257-6517B883C7D8}.Release|x86.Build.0 = Release|Any CPU
		{8D4B0069-9745-4741-A46B-BE17BECD28C2}.Debug|Any CPU.ActiveCfg = Debug|Any CPU
		{8D4B0069-9745-4741-A46B-BE17BECD28C2}.Debug|Any CPU.Build.0 = Debug|Any CPU
		{8D4B0069-9745-4741-A46B-BE17BECD28C2}.Debug|x64.ActiveCfg = Debug|Any CPU
		{8D4B0069-9745-4741-A46B-BE17BECD28C2}.Debug|x64.Build.0 = Debug|Any CPU
		{8D4B0069-9745-4741-A46B-BE17BECD28C2}.Debug|x86.ActiveCfg = Debug|Any CPU
		{8D4B0069-9745-4741-A46B-BE17BECD28C2}.Debug|x86.Build.0 = Debug|Any CPU
		{8D4B0069-9745-4741-A46B-BE17BECD28C2}.Release|Any CPU.ActiveCfg = Release|Any CPU
		{8D4B0069-9745-4741-A46B-BE17BECD28C2}.Release|Any CPU.Build.0 = Release|Any CPU
		{8D4B0069-9745-4741-A46B-BE17BECD28C2}.Release|x64.ActiveCfg = Release|Any CPU
		{8D4B0069-9745-4741-A46B-BE17BECD28C2}.Release|x64.Build.0 = Release|Any CPU
		{8D4B0069-9745-4741-A46B-BE17BECD28C2}.Release|x86.ActiveCfg = Release|Any CPU
		{8D4B0069-9745-4741-A46B-BE17BECD28C2}.Release|x86.Build.0 = Release|Any CPU
		{D8262757-7557-4F65-AD7B-DECB1B321729}.Debug|Any CPU.ActiveCfg = Debug|Any CPU
		{D8262757-7557-4F65-AD7B-DECB1B321729}.Debug|Any CPU.Build.0 = Debug|Any CPU
		{D8262757-7557-4F65-AD7B-DECB1B321729}.Debug|x64.ActiveCfg = Debug|Any CPU
		{D8262757-7557-4F65-AD7B-DECB1B321729}.Debug|x64.Build.0 = Debug|Any CPU
		{D8262757-7557-4F65-AD7B-DECB1B321729}.Debug|x86.ActiveCfg = Debug|Any CPU
		{D8262757-7557-4F65-AD7B-DECB1B321729}.Debug|x86.Build.0 = Debug|Any CPU
		{D8262757-7557-4F65-AD7B-DECB1B321729}.Release|Any CPU.ActiveCfg = Release|Any CPU
		{D8262757-7557-4F65-AD7B-DECB1B321729}.Release|Any CPU.Build.0 = Release|Any CPU
		{D8262757-7557-4F65-AD7B-DECB1B321729}.Release|x64.ActiveCfg = Release|Any CPU
		{D8262757-7557-4F65-AD7B-DECB1B321729}.Release|x64.Build.0 = Release|Any CPU
		{D8262757-7557-4F65-AD7B-DECB1B321729}.Release|x86.ActiveCfg = Release|Any CPU
		{D8262757-7557-4F65-AD7B-DECB1B321729}.Release|x86.Build.0 = Release|Any CPU
	EndGlobalSection
	GlobalSection(SolutionProperties) = preSolution
		HideSolutionNode = FALSE
	EndGlobalSection
	GlobalSection(NestedProjects) = preSolution
		{D8262757-7557-4F65-AD7B-DECB1B321729} = {DAD03CFC-D5FA-AC94-41C7-9ABAB326F09E}
	EndGlobalSection
	GlobalSection(ExtensibilityGlobals) = postSolution
		SolutionGuid = {1990CE6E-7D28-45D6-A04C-49D2B24157A6}
	EndGlobalSection
EndGlobal
